// !$*UTF8*$!
{
	archiveVersion = 1;
	classes = {
	};
	objectVersion = 55;
	objects = {

/* Begin PBXBuildFile section */
		23979308285B4F80009E5C3B /* CALayer.swift in Sources */ = {isa = PBXBuildFile; fileRef = 23979307285B4F80009E5C3B /* CALayer.swift */; };
		2397930C285B549F009E5C3B /* Constants.swift in Sources */ = {isa = PBXBuildFile; fileRef = 2397930B285B549F009E5C3B /* Constants.swift */; };
		2397930F285B54EE009E5C3B /* ListCellAPI.swift in Sources */ = {isa = PBXBuildFile; fileRef = 2397930E285B54EE009E5C3B /* ListCellAPI.swift */; };
		23979311285B5519009E5C3B /* ListCellModel.swift in Sources */ = {isa = PBXBuildFile; fileRef = 23979310285B5519009E5C3B /* ListCellModel.swift */; };
		23979316285B5620009E5C3B /* CollectionViewLayout.swift in Sources */ = {isa = PBXBuildFile; fileRef = 23979315285B5620009E5C3B /* CollectionViewLayout.swift */; };
		23979318285B5664009E5C3B /* ListCollectionViewCell.swift in Sources */ = {isa = PBXBuildFile; fileRef = 23979317285B5664009E5C3B /* ListCollectionViewCell.swift */; };
		23BF9282285B3C5500795BF1 /* AppDelegate.swift in Sources */ = {isa = PBXBuildFile; fileRef = 23BF9281285B3C5500795BF1 /* AppDelegate.swift */; };
		23BF9286285B3C5500795BF1 /* ViewController.swift in Sources */ = {isa = PBXBuildFile; fileRef = 23BF9285285B3C5500795BF1 /* ViewController.swift */; };
		23BF928E285B3C5600795BF1 /* LaunchScreen.storyboard in Resources */ = {isa = PBXBuildFile; fileRef = 23BF928C285B3C5600795BF1 /* LaunchScreen.storyboard */; };
		23BF929F285B471800795BF1 /* HeaderView.swift in Sources */ = {isa = PBXBuildFile; fileRef = 23BF929E285B471800795BF1 /* HeaderView.swift */; };
		23BF92A1285B474A00795BF1 /* AlbumCollectionViewCell.swift in Sources */ = {isa = PBXBuildFile; fileRef = 23BF92A0285B474A00795BF1 /* AlbumCollectionViewCell.swift */; };
		23BF92A4285B478C00795BF1 /* AlbumCellModel.swift in Sources */ = {isa = PBXBuildFile; fileRef = 23BF92A3285B478C00795BF1 /* AlbumCellModel.swift */; };
		23BF92A6285B47AB00795BF1 /* AlbumCellAPI.swift in Sources */ = {isa = PBXBuildFile; fileRef = 23BF92A5285B47AB00795BF1 /* AlbumCellAPI.swift */; };
		23FB077C285B48EB005765B8 /* Assets.xcassets in Resources */ = {isa = PBXBuildFile; fileRef = 23FB077B285B48EB005765B8 /* Assets.xcassets */; };
/* End PBXBuildFile section */

/* Begin PBXFileReference section */
		23979307285B4F80009E5C3B /* CALayer.swift */ = {isa = PBXFileReference; lastKnownFileType = sourcecode.swift; path = CALayer.swift; sourceTree = "<group>"; };
		2397930B285B549F009E5C3B /* Constants.swift */ = {isa = PBXFileReference; lastKnownFileType = sourcecode.swift; path = Constants.swift; sourceTree = "<group>"; };
		2397930E285B54EE009E5C3B /* ListCellAPI.swift */ = {isa = PBXFileReference; lastKnownFileType = sourcecode.swift; path = ListCellAPI.swift; sourceTree = "<group>"; };
		23979310285B5519009E5C3B /* ListCellModel.swift */ = {isa = PBXFileReference; lastKnownFileType = sourcecode.swift; path = ListCellModel.swift; sourceTree = "<group>"; };
		23979315285B5620009E5C3B /* CollectionViewLayout.swift */ = {isa = PBXFileReference; lastKnownFileType = sourcecode.swift; path = CollectionViewLayout.swift; sourceTree = "<group>"; };
		23979317285B5664009E5C3B /* ListCollectionViewCell.swift */ = {isa = PBXFileReference; lastKnownFileType = sourcecode.swift; path = ListCollectionViewCell.swift; sourceTree = "<group>"; };
		23BF927E285B3C5500795BF1 /* UICollectionView.app */ = {isa = PBXFileReference; explicitFileType = wrapper.application; includeInIndex = 0; path = UICollectionView.app; sourceTree = BUILT_PRODUCTS_DIR; };
		23BF9281285B3C5500795BF1 /* AppDelegate.swift */ = {isa = PBXFileReference; lastKnownFileType = sourcecode.swift; path = AppDelegate.swift; sourceTree = "<group>"; };
		23BF9285285B3C5500795BF1 /* ViewController.swift */ = {isa = PBXFileReference; lastKnownFileType = sourcecode.swift; path = ViewController.swift; sourceTree = "<group>"; };
		23BF928D285B3C5600795BF1 /* Base */ = {isa = PBXFileReference; lastKnownFileType = file.storyboard; name = Base; path = Base.lproj/LaunchScreen.storyboard; sourceTree = "<group>"; };
		23BF928F285B3C5600795BF1 /* Info.plist */ = {isa = PBXFileReference; lastKnownFileType = text.plist.xml; path = Info.plist; sourceTree = "<group>"; };
		23BF929E285B471800795BF1 /* HeaderView.swift */ = {isa = PBXFileReference; lastKnownFileType = sourcecode.swift; path = HeaderView.swift; sourceTree = "<group>"; };
		23BF92A0285B474A00795BF1 /* AlbumCollectionViewCell.swift */ = {isa = PBXFileReference; lastKnownFileType = sourcecode.swift; path = AlbumCollectionViewCell.swift; sourceTree = "<group>"; };
		23BF92A3285B478C00795BF1 /* AlbumCellModel.swift */ = {isa = PBXFileReference; lastKnownFileType = sourcecode.swift; path = AlbumCellModel.swift; sourceTree = "<group>"; };
		23BF92A5285B47AB00795BF1 /* AlbumCellAPI.swift */ = {isa = PBXFileReference; lastKnownFileType = sourcecode.swift; path = AlbumCellAPI.swift; sourceTree = "<group>"; };
		23FB077B285B48EB005765B8 /* Assets.xcassets */ = {isa = PBXFileReference; lastKnownFileType = folder.assetcatalog; path = Assets.xcassets; sourceTree = "<group>"; };
/* End PBXFileReference section */

/* Begin PBXFrameworksBuildPhase section */
		23BF927B285B3C5500795BF1 /* Frameworks */ = {
			isa = PBXFrameworksBuildPhase;
			buildActionMask = 2147483647;
			files = (
			);
			runOnlyForDeploymentPostprocessing = 0;
		};
/* End PBXFrameworksBuildPhase section */

/* Begin PBXGroup section */
		23979303285B4EAE009E5C3B /* Controller */ = {
			isa = PBXGroup;
			children = (
				23BF9285285B3C5500795BF1 /* ViewController.swift */,
			);
			path = Controller;
			sourceTree = "<group>";
		};
		23979304285B4EF9009E5C3B /* View */ = {
			isa = PBXGroup;
			children = (
				23979314285B55FB009E5C3B /* Layout */,
				23979313285B559C009E5C3B /* CustomViews */,
				23979305285B4F0F009E5C3B /* Cells */,
			);
			path = View;
			sourceTree = "<group>";
		};
		23979305285B4F0F009E5C3B /* Cells */ = {
			isa = PBXGroup;
			children = (
				23BF92A0285B474A00795BF1 /* AlbumCollectionViewCell.swift */,
				23979317285B5664009E5C3B /* ListCollectionViewCell.swift */,
			);
			path = Cells;
			sourceTree = "<group>";
		};
		23979306285B4F54009E5C3B /* Extensions */ = {
			isa = PBXGroup;
			children = (
				23979307285B4F80009E5C3B /* CALayer.swift */,
				2397930B285B549F009E5C3B /* Constants.swift */,
			);
			path = Extensions;
			sourceTree = "<group>";
		};
		2397930D285B54D3009E5C3B /* List cell */ = {
			isa = PBXGroup;
			children = (
				2397930E285B54EE009E5C3B /* ListCellAPI.swift */,
				23979310285B5519009E5C3B /* ListCellModel.swift */,
			);
			path = "List cell";
			sourceTree = "<group>";
		};
		23979312285B5556009E5C3B /* Album cell */ = {
			isa = PBXGroup;
			children = (
				23BF92A3285B478C00795BF1 /* AlbumCellModel.swift */,
				23BF92A5285B47AB00795BF1 /* AlbumCellAPI.swift */,
			);
			path = "Album cell";
			sourceTree = "<group>";
		};
		23979313285B559C009E5C3B /* CustomViews */ = {
			isa = PBXGroup;
			children = (
				23BF929E285B471800795BF1 /* HeaderView.swift */,
			);
			path = CustomViews;
			sourceTree = "<group>";
		};
		23979314285B55FB009E5C3B /* Layout */ = {
			isa = PBXGroup;
			children = (
				23979315285B5620009E5C3B /* CollectionViewLayout.swift */,
			);
			path = Layout;
			sourceTree = "<group>";
		};
		23BF9275285B3C5500795BF1 = {
			isa = PBXGroup;
			children = (
				23BF9280285B3C5500795BF1 /* UICollectionView */,
				23BF927F285B3C5500795BF1 /* Products */,
			);
			sourceTree = "<group>";
		};
		23BF927F285B3C5500795BF1 /* Products */ = {
			isa = PBXGroup;
			children = (
				23BF927E285B3C5500795BF1 /* UICollectionView.app */,
			);
			name = Products;
			sourceTree = "<group>";
		};
		23BF9280285B3C5500795BF1 /* UICollectionView */ = {
			isa = PBXGroup;
			children = (
				23979306285B4F54009E5C3B /* Extensions */,
				23979304285B4EF9009E5C3B /* View */,
				23979303285B4EAE009E5C3B /* Controller */,
				23BF92A2285B477300795BF1 /* Model */,
				23BF9281285B3C5500795BF1 /* AppDelegate.swift */,
				23FB077B285B48EB005765B8 /* Assets.xcassets */,
				23BF928C285B3C5600795BF1 /* LaunchScreen.storyboard */,
				23BF928F285B3C5600795BF1 /* Info.plist */,
			);
			path = UICollectionView;
			sourceTree = "<group>";
		};
		23BF92A2285B477300795BF1 /* Model */ = {
			isa = PBXGroup;
			children = (
				23979312285B5556009E5C3B /* Album cell */,
				2397930D285B54D3009E5C3B /* List cell */,
			);
			path = Model;
			sourceTree = "<group>";
		};
/* End PBXGroup section */

/* Begin PBXNativeTarget section */
		23BF927D285B3C5500795BF1 /* UICollectionView */ = {
			isa = PBXNativeTarget;
			buildConfigurationList = 23BF9292285B3C5600795BF1 /* Build configuration list for PBXNativeTarget "UICollectionView" */;
			buildPhases = (
				23BF927A285B3C5500795BF1 /* Sources */,
				23BF927B285B3C5500795BF1 /* Frameworks */,
				23BF927C285B3C5500795BF1 /* Resources */,
			);
			buildRules = (
			);
			dependencies = (
			);
			name = UICollectionView;
			productName = UICollectionView;
			productReference = 23BF927E285B3C5500795BF1 /* UICollectionView.app */;
			productType = "com.apple.product-type.application";
		};
/* End PBXNativeTarget section */

/* Begin PBXProject section */
		23BF9276285B3C5500795BF1 /* Project object */ = {
			isa = PBXProject;
			attributes = {
				BuildIndependentTargetsInParallel = 1;
				LastSwiftUpdateCheck = 1320;
				LastUpgradeCheck = 1320;
				TargetAttributes = {
					23BF927D285B3C5500795BF1 = {
						CreatedOnToolsVersion = 13.2.1;
					};
				};
			};
			buildConfigurationList = 23BF9279285B3C5500795BF1 /* Build configuration list for PBXProject "UICollectionView" */;
			compatibilityVersion = "Xcode 13.0";
			developmentRegion = en;
			hasScannedForEncodings = 0;
			knownRegions = (
				en,
				Base,
			);
			mainGroup = 23BF9275285B3C5500795BF1;
			productRefGroup = 23BF927F285B3C5500795BF1 /* Products */;
			projectDirPath = "";
			projectRoot = "";
			targets = (
				23BF927D285B3C5500795BF1 /* UICollectionView */,
			);
		};
/* End PBXProject section */

/* Begin PBXResourcesBuildPhase section */
		23BF927C285B3C5500795BF1 /* Resources */ = {
			isa = PBXResourcesBuildPhase;
			buildActionMask = 2147483647;
			files = (
				23BF928E285B3C5600795BF1 /* LaunchScreen.storyboard in Resources */,
				23FB077C285B48EB005765B8 /* Assets.xcassets in Resources */,
			);
			runOnlyForDeploymentPostprocessing = 0;
		};
/* End PBXResourcesBuildPhase section */

/* Begin PBXSourcesBuildPhase section */
		23BF927A285B3C5500795BF1 /* Sources */ = {
			isa = PBXSourcesBuildPhase;
			buildActionMask = 2147483647;
			files = (
				23BF9286285B3C5500795BF1 /* ViewController.swift in Sources */,
				23979311285B5519009E5C3B /* ListCellModel.swift in Sources */,
				23979308285B4F80009E5C3B /* CALayer.swift in Sources */,
				23BF9282285B3C5500795BF1 /* AppDelegate.swift in Sources */,
				23BF92A4285B478C00795BF1 /* AlbumCellModel.swift in Sources */,
				23BF92A6285B47AB00795BF1 /* AlbumCellAPI.swift in Sources */,
				23979318285B5664009E5C3B /* ListCollectionViewCell.swift in Sources */,
				23979316285B5620009E5C3B /* CollectionViewLayout.swift in Sources */,
				2397930F285B54EE009E5C3B /* ListCellAPI.swift in Sources */,
				23BF929F285B471800795BF1 /* HeaderView.swift in Sources */,
				23BF92A1285B474A00795BF1 /* AlbumCollectionViewCell.swift in Sources */,
				2397930C285B549F009E5C3B /* Constants.swift in Sources */,
			);
			runOnlyForDeploymentPostprocessing = 0;
		};
/* End PBXSourcesBuildPhase section */

/* Begin PBXVariantGroup section */
		23BF928C285B3C5600795BF1 /* LaunchScreen.storyboard */ = {
			isa = PBXVariantGroup;
			children = (
				23BF928D285B3C5600795BF1 /* Base */,
			);
			name = LaunchScreen.storyboard;
			sourceTree = "<group>";
		};
/* End PBXVariantGroup section */

/* Begin XCBuildConfiguration section */
		23BF9290285B3C5600795BF1 /* Debug */ = {
			isa = XCBuildConfiguration;
			buildSettings = {
				ALWAYS_SEARCH_USER_PATHS = NO;
				CLANG_ANALYZER_NONNULL = YES;
				CLANG_ANALYZER_NUMBER_OBJECT_CONVERSION = YES_AGGRESSIVE;
				CLANG_CXX_LANGUAGE_STANDARD = "gnu++17";
				CLANG_CXX_LIBRARY = "libc++";
				CLANG_ENABLE_MODULES = YES;
				CLANG_ENABLE_OBJC_ARC = YES;
				CLANG_ENABLE_OBJC_WEAK = YES;
				CLANG_WARN_BLOCK_CAPTURE_AUTORELEASING = YES;
				CLANG_WARN_BOOL_CONVERSION = YES;
				CLANG_WARN_COMMA = YES;
				CLANG_WARN_CONSTANT_CONVERSION = YES;
				CLANG_WARN_DEPRECATED_OBJC_IMPLEMENTATIONS = YES;
				CLANG_WARN_DIRECT_OBJC_ISA_USAGE = YES_ERROR;
				CLANG_WARN_DOCUMENTATION_COMMENTS = YES;
				CLANG_WARN_EMPTY_BODY = YES;
				CLANG_WARN_ENUM_CONVERSION = YES;
				CLANG_WARN_INFINITE_RECURSION = YES;
				CLANG_WARN_INT_CONVERSION = YES;
				CLANG_WARN_NON_LITERAL_NULL_CONVERSION = YES;
				CLANG_WARN_OBJC_IMPLICIT_RETAIN_SELF = YES;
				CLANG_WARN_OBJC_LITERAL_CONVERSION = YES;
				CLANG_WARN_OBJC_ROOT_CLASS = YES_ERROR;
				CLANG_WARN_QUOTED_INCLUDE_IN_FRAMEWORK_HEADER = YES;
				CLANG_WARN_RANGE_LOOP_ANALYSIS = YES;
				CLANG_WARN_STRICT_PROTOTYPES = YES;
				CLANG_WARN_SUSPICIOUS_MOVE = YES;
				CLANG_WARN_UNGUARDED_AVAILABILITY = YES_AGGRESSIVE;
				CLANG_WARN_UNREACHABLE_CODE = YES;
				CLANG_WARN__DUPLICATE_METHOD_MATCH = YES;
				COPY_PHASE_STRIP = NO;
				DEBUG_INFORMATION_FORMAT = dwarf;
				ENABLE_STRICT_OBJC_MSGSEND = YES;
				ENABLE_TESTABILITY = YES;
				GCC_C_LANGUAGE_STANDARD = gnu11;
				GCC_DYNAMIC_NO_PIC = NO;
				GCC_NO_COMMON_BLOCKS = YES;
				GCC_OPTIMIZATION_LEVEL = 0;
				GCC_PREPROCESSOR_DEFINITIONS = (
					"DEBUG=1",
					"$(inherited)",
				);
				GCC_WARN_64_TO_32_BIT_CONVERSION = YES;
				GCC_WARN_ABOUT_RETURN_TYPE = YES_ERROR;
				GCC_WARN_UNDECLARED_SELECTOR = YES;
				GCC_WARN_UNINITIALIZED_AUTOS = YES_AGGRESSIVE;
				GCC_WARN_UNUSED_FUNCTION = YES;
				GCC_WARN_UNUSED_VARIABLE = YES;
				IPHONEOS_DEPLOYMENT_TARGET = 15.2;
				MTL_ENABLE_DEBUG_INFO = INCLUDE_SOURCE;
				MTL_FAST_MATH = YES;
				ONLY_ACTIVE_ARCH = YES;
				SDKROOT = iphoneos;
				SWIFT_ACTIVE_COMPILATION_CONDITIONS = DEBUG;
				SWIFT_OPTIMIZATION_LEVEL = "-Onone";
			};
			name = Debug;
		};
		23BF9291285B3C5600795BF1 /* Release */ = {
			isa = XCBuildConfiguration;
			buildSettings = {
				ALWAYS_SEARCH_USER_PATHS = NO;
				CLANG_ANALYZER_NONNULL = YES;
				CLANG_ANALYZER_NUMBER_OBJECT_CONVERSION = YES_AGGRESSIVE;
				CLANG_CXX_LANGUAGE_STANDARD = "gnu++17";
				CLANG_CXX_LIBRARY = "libc++";
				CLANG_ENABLE_MODULES = YES;
				CLANG_ENABLE_OBJC_ARC = YES;
				CLANG_ENABLE_OBJC_WEAK = YES;
				CLANG_WARN_BLOCK_CAPTURE_AUTORELEASING = YES;
				CLANG_WARN_BOOL_CONVERSION = YES;
				CLANG_WARN_COMMA = YES;
				CLANG_WARN_CONSTANT_CONVERSION = YES;
				CLANG_WARN_DEPRECATED_OBJC_IMPLEMENTATIONS = YES;
				CLANG_WARN_DIRECT_OBJC_ISA_USAGE = YES_ERROR;
				CLANG_WARN_DOCUMENTATION_COMMENTS = YES;
				CLANG_WARN_EMPTY_BODY = YES;
				CLANG_WARN_ENUM_CONVERSION = YES;
				CLANG_WARN_INFINITE_RECURSION = YES;
				CLANG_WARN_INT_CONVERSION = YES;
				CLANG_WARN_NON_LITERAL_NULL_CONVERSION = YES;
				CLANG_WARN_OBJC_IMPLICIT_RETAIN_SELF = YES;
				CLANG_WARN_OBJC_LITERAL_CONVERSION = YES;
				CLANG_WARN_OBJC_ROOT_CLASS = YES_ERROR;
				CLANG_WARN_QUOTED_INCLUDE_IN_FRAMEWORK_HEADER = YES;
				CLANG_WARN_RANGE_LOOP_ANALYSIS = YES;
				CLANG_WARN_STRICT_PROTOTYPES = YES;
				CLANG_WARN_SUSPICIOUS_MOVE = YES;
				CLANG_WARN_UNGUARDED_AVAILABILITY = YES_AGGRESSIVE;
				CLANG_WARN_UNREACHABLE_CODE = YES;
				CLANG_WARN__DUPLICATE_METHOD_MATCH = YES;
				COPY_PHASE_STRIP = NO;
				DEBUG_INFORMATION_FORMAT = "dwarf-with-dsym";
				ENABLE_NS_ASSERTIONS = NO;
				ENABLE_STRICT_OBJC_MSGSEND = YES;
				GCC_C_LANGUAGE_STANDARD = gnu11;
				GCC_NO_COMMON_BLOCKS = YES;
				GCC_WARN_64_TO_32_BIT_CONVERSION = YES;
				GCC_WARN_ABOUT_RETURN_TYPE = YES_ERROR;
				GCC_WARN_UNDECLARED_SELECTOR = YES;
				GCC_WARN_UNINITIALIZED_AUTOS = YES_AGGRESSIVE;
				GCC_WARN_UNUSED_FUNCTION = YES;
				GCC_WARN_UNUSED_VARIABLE = YES;
				IPHONEOS_DEPLOYMENT_TARGET = 15.2;
				MTL_ENABLE_DEBUG_INFO = NO;
				MTL_FAST_MATH = YES;
				SDKROOT = iphoneos;
				SWIFT_COMPILATION_MODE = wholemodule;
				SWIFT_OPTIMIZATION_LEVEL = "-O";
				VALIDATE_PRODUCT = YES;
			};
			name = Release;
		};
		23BF9293285B3C5600795BF1 /* Debug */ = {
			isa = XCBuildConfiguration;
			buildSettings = {
				ASSETCATALOG_COMPILER_APPICON_NAME = AppIcon;
				ASSETCATALOG_COMPILER_GLOBAL_ACCENT_COLOR_NAME = AccentColor;
				CODE_SIGN_STYLE = Automatic;
				CURRENT_PROJECT_VERSION = 1;
				DEVELOPMENT_TEAM = 85B7L6B49N;
				GENERATE_INFOPLIST_FILE = YES;
				INFOPLIST_FILE = UICollectionView/Info.plist;
				INFOPLIST_KEY_UIApplicationSupportsIndirectInputEvents = YES;
				INFOPLIST_KEY_UILaunchStoryboardName = LaunchScreen;
				INFOPLIST_KEY_UIMainStoryboardFile = LaunchScreen;
				INFOPLIST_KEY_UISupportedInterfaceOrientations_iPad = "UIInterfaceOrientationPortrait UIInterfaceOrientationPortraitUpsideDown UIInterfaceOrientationLandscapeLeft UIInterfaceOrientationLandscapeRight";
				INFOPLIST_KEY_UISupportedInterfaceOrientations_iPhone = "UIInterfaceOrientationPortrait UIInterfaceOrientationLandscapeLeft UIInterfaceOrientationLandscapeRight";
				LD_RUNPATH_SEARCH_PATHS = (
					"$(inherited)",
					"@executable_path/Frameworks",
				);
				MARKETING_VERSION = 1.0;
				PRODUCT_BUNDLE_IDENTIFIER = com.Taran.UICollectionView;
				PRODUCT_NAME = "$(TARGET_NAME)";
				SWIFT_EMIT_LOC_STRINGS = YES;
				SWIFT_VERSION = 5.0;
				TARGETED_DEVICE_FAMILY = "1,2";
			};
			name = Debug;
		};
		23BF9294285B3C5600795BF1 /* Release */ = {
			isa = XCBuildConfiguration;
			buildSettings = {
				ASSETCATALOG_COMPILER_APPICON_NAME = AppIcon;
				ASSETCATALOG_COMPILER_GLOBAL_ACCENT_COLOR_NAME = AccentColor;
				CODE_SIGN_STYLE = Automatic;
				CURRENT_PROJECT_VERSION = 1;
				DEVELOPMENT_TEAM = 85B7L6B49N;
				GENERATE_INFOPLIST_FILE = YES;
				INFOPLIST_FILE = UICollectionView/Info.plist;
				INFOPLIST_KEY_UIApplicationSupportsIndirectInputEvents = YES;
				INFOPLIST_KEY_UILaunchStoryboardName = LaunchScreen;
				INFOPLIST_KEY_UIMainStoryboardFile = LaunchScreen;
				INFOPLIST_KEY_UISupportedInterfaceOrientations_iPad = "UIInterfaceOrientationPortrait UIInterfaceOrientationPortraitUpsideDown UIInterfaceOrientationLandscapeLeft UIInterfaceOrientationLandscapeRight";
				INFOPLIST_KEY_UISupportedInterfaceOrientations_iPhone = "UIInterfaceOrientationPortrait UIInterfaceOrientationLandscapeLeft UIInterfaceOrientationLandscapeRight";
				LD_RUNPATH_SEARCH_PATHS = (
					"$(inherited)",
					"@executable_path/Frameworks",
				);
				MARKETING_VERSION = 1.0;
				PRODUCT_BUNDLE_IDENTIFIER = com.Taran.UICollectionView;
				PRODUCT_NAME = "$(TARGET_NAME)";
				SWIFT_EMIT_LOC_STRINGS = YES;
				SWIFT_VERSION = 5.0;
				TARGETED_DEVICE_FAMILY = "1,2";
			};
			name = Release;
		};
/* End XCBuildConfiguration section */

/* Begin XCConfigurationList section */
		23BF9279285B3C5500795BF1 /* Build configuration list for PBXProject "UICollectionView" */ = {
			isa = XCConfigurationList;
			buildConfigurations = (
				23BF9290285B3C5600795BF1 /* Debug */,
				23BF9291285B3C5600795BF1 /* Release */,
			);
			defaultConfigurationIsVisible = 0;
			defaultConfigurationName = Release;
		};
		23BF9292285B3C5600795BF1 /* Build configuration list for PBXNativeTarget "UICollectionView" */ = {
			isa = XCConfigurationList;
			buildConfigurations = (
				23BF9293285B3C5600795BF1 /* Debug */,
				23BF9294285B3C5600795BF1 /* Release */,
			);
			defaultConfigurationIsVisible = 0;
			defaultConfigurationName = Release;
		};
/* End XCConfigurationList section */
	};
	rootObject = 23BF9276285B3C5500795BF1 /* Project object */;
}
